// !$*UTF8*$!
{
	archiveVersion = 1;
	classes = {
	};
	objectVersion = 46;
	objects = {

/* Begin PBXBuildFile section */
		5057EDE8164EA23900A151E0 /* MWBiographyDisplayViewController.m in Sources */ = {isa = PBXBuildFile; fileRef = 5057EDE6164EA23900A151E0 /* MWBiographyDisplayViewController.m */; };
		5057EDE9164EA23900A151E0 /* MWBiographyDisplayViewController.xib in Resources */ = {isa = PBXBuildFile; fileRef = 5057EDE7164EA23900A151E0 /* MWBiographyDisplayViewController.xib */; };
		505938BF1646BDDF00DF973E /* UIKit.framework in Frameworks */ = {isa = PBXBuildFile; fileRef = 505938BE1646BDDF00DF973E /* UIKit.framework */; };
		505938C11646BDDF00DF973E /* Foundation.framework in Frameworks */ = {isa = PBXBuildFile; fileRef = 505938C01646BDDF00DF973E /* Foundation.framework */; };
		505938C31646BDDF00DF973E /* CoreGraphics.framework in Frameworks */ = {isa = PBXBuildFile; fileRef = 505938C21646BDDF00DF973E /* CoreGraphics.framework */; };
		505938C91646BDDF00DF973E /* InfoPlist.strings in Resources */ = {isa = PBXBuildFile; fileRef = 505938C71646BDDF00DF973E /* InfoPlist.strings */; };
		505938CB1646BDDF00DF973E /* main.m in Sources */ = {isa = PBXBuildFile; fileRef = 505938CA1646BDDF00DF973E /* main.m */; };
		505938CF1646BDDF00DF973E /* MWAppDelegate.m in Sources */ = {isa = PBXBuildFile; fileRef = 505938CE1646BDDF00DF973E /* MWAppDelegate.m */; };
		505938D11646BDDF00DF973E /* Default.png in Resources */ = {isa = PBXBuildFile; fileRef = 505938D01646BDDF00DF973E /* Default.png */; };
		505938D31646BDDF00DF973E /* Default@2x.png in Resources */ = {isa = PBXBuildFile; fileRef = 505938D21646BDDF00DF973E /* Default@2x.png */; };
		505938D51646BDDF00DF973E /* Default-568h@2x.png in Resources */ = {isa = PBXBuildFile; fileRef = 505938D41646BDDF00DF973E /* Default-568h@2x.png */; };
		505938D81646BDDF00DF973E /* MWViewController.m in Sources */ = {isa = PBXBuildFile; fileRef = 505938D71646BDDF00DF973E /* MWViewController.m */; };
		505938DB1646BDDF00DF973E /* MWViewController.xib in Resources */ = {isa = PBXBuildFile; fileRef = 505938D91646BDDF00DF973E /* MWViewController.xib */; };
		505938E31646BEE900DF973E /* MWBiographyConnection.m in Sources */ = {isa = PBXBuildFile; fileRef = 505938E21646BEE900DF973E /* MWBiographyConnection.m */; };
		505938EE1646CF4C00DF973E /* README.md in Resources */ = {isa = PBXBuildFile; fileRef = 505938ED1646CF4C00DF973E /* README.md */; };
/* End PBXBuildFile section */

/* Begin PBXFileReference section */
		5057EDE5164EA23900A151E0 /* MWBiographyDisplayViewController.h */ = {isa = PBXFileReference; fileEncoding = 4; lastKnownFileType = sourcecode.c.h; path = MWBiographyDisplayViewController.h; sourceTree = "<group>"; };
		5057EDE6164EA23900A151E0 /* MWBiographyDisplayViewController.m */ = {isa = PBXFileReference; fileEncoding = 4; lastKnownFileType = sourcecode.c.objc; path = MWBiographyDisplayViewController.m; sourceTree = "<group>"; };
		5057EDE7164EA23900A151E0 /* MWBiographyDisplayViewController.xib */ = {isa = PBXFileReference; fileEncoding = 4; lastKnownFileType = file.xib; path = MWBiographyDisplayViewController.xib; sourceTree = "<group>"; };
		505938BA1646BDDF00DF973E /* TechTalkExample.app */ = {isa = PBXFileReference; explicitFileType = wrapper.application; includeInIndex = 0; path = TechTalkExample.app; sourceTree = BUILT_PRODUCTS_DIR; };
		505938BE1646BDDF00DF973E /* UIKit.framework */ = {isa = PBXFileReference; lastKnownFileType = wrapper.framework; name = UIKit.framework; path = System/Library/Frameworks/UIKit.framework; sourceTree = SDKROOT; };
		505938C01646BDDF00DF973E /* Foundation.framework */ = {isa = PBXFileReference; lastKnownFileType = wrapper.framework; name = Foundation.framework; path = System/Library/Frameworks/Foundation.framework; sourceTree = SDKROOT; };
		505938C21646BDDF00DF973E /* CoreGraphics.framework */ = {isa = PBXFileReference; lastKnownFileType = wrapper.framework; name = CoreGraphics.framework; path = System/Library/Frameworks/CoreGraphics.framework; sourceTree = SDKROOT; };
		505938C61646BDDF00DF973E /* TechTalkExample-Info.plist */ = {isa = PBXFileReference; lastKnownFileType = text.plist.xml; path = "TechTalkExample-Info.plist"; sourceTree = "<group>"; };
		505938C81646BDDF00DF973E /* en */ = {isa = PBXFileReference; lastKnownFileType = text.plist.strings; name = en; path = en.lproj/InfoPlist.strings; sourceTree = "<group>"; };
		505938CA1646BDDF00DF973E /* main.m */ = {isa = PBXFileReference; lastKnownFileType = sourcecode.c.objc; path = main.m; sourceTree = "<group>"; };
		505938CC1646BDDF00DF973E /* TechTalkExample-Prefix.pch */ = {isa = PBXFileReference; lastKnownFileType = sourcecode.c.h; path = "TechTalkExample-Prefix.pch"; sourceTree = "<group>"; };
		505938CD1646BDDF00DF973E /* MWAppDelegate.h */ = {isa = PBXFileReference; lastKnownFileType = sourcecode.c.h; path = MWAppDelegate.h; sourceTree = "<group>"; };
		505938CE1646BDDF00DF973E /* MWAppDelegate.m */ = {isa = PBXFileReference; lastKnownFileType = sourcecode.c.objc; path = MWAppDelegate.m; sourceTree = "<group>"; };
		505938D01646BDDF00DF973E /* Default.png */ = {isa = PBXFileReference; lastKnownFileType = image.png; path = Default.png; sourceTree = "<group>"; };
		505938D21646BDDF00DF973E /* Default@2x.png */ = {isa = PBXFileReference; lastKnownFileType = image.png; path = "Default@2x.png"; sourceTree = "<group>"; };
		505938D41646BDDF00DF973E /* Default-568h@2x.png */ = {isa = PBXFileReference; lastKnownFileType = image.png; path = "Default-568h@2x.png"; sourceTree = "<group>"; };
		505938D61646BDDF00DF973E /* MWViewController.h */ = {isa = PBXFileReference; lastKnownFileType = sourcecode.c.h; path = MWViewController.h; sourceTree = "<group>"; };
		505938D71646BDDF00DF973E /* MWViewController.m */ = {isa = PBXFileReference; lastKnownFileType = sourcecode.c.objc; path = MWViewController.m; sourceTree = "<group>"; };
		505938DA1646BDDF00DF973E /* en */ = {isa = PBXFileReference; lastKnownFileType = file.xib; name = en; path = en.lproj/MWViewController.xib; sourceTree = "<group>"; };
		505938E11646BEE900DF973E /* MWBiographyConnection.h */ = {isa = PBXFileReference; fileEncoding = 4; lastKnownFileType = sourcecode.c.h; path = MWBiographyConnection.h; sourceTree = "<group>"; };
		505938E21646BEE900DF973E /* MWBiographyConnection.m */ = {isa = PBXFileReference; fileEncoding = 4; lastKnownFileType = sourcecode.c.objc; path = MWBiographyConnection.m; sourceTree = "<group>"; };
		505938ED1646CF4C00DF973E /* README.md */ = {isa = PBXFileReference; fileEncoding = 4; lastKnownFileType = text; name = README.md; path = TechTalkExample/README.md; sourceTree = "<group>"; };
/* End PBXFileReference section */

/* Begin PBXFrameworksBuildPhase section */
		505938B71646BDDF00DF973E /* Frameworks */ = {
			isa = PBXFrameworksBuildPhase;
			buildActionMask = 2147483647;
			files = (
				505938BF1646BDDF00DF973E /* UIKit.framework in Frameworks */,
				505938C11646BDDF00DF973E /* Foundation.framework in Frameworks */,
				505938C31646BDDF00DF973E /* CoreGraphics.framework in Frameworks */,
			);
			runOnlyForDeploymentPostprocessing = 0;
		};
/* End PBXFrameworksBuildPhase section */

/* Begin PBXGroup section */
		505938AF1646BDDF00DF973E = {
			isa = PBXGroup;
			children = (
				505938ED1646CF4C00DF973E /* README.md */,
				505938C41646BDDF00DF973E /* TechTalkExample */,
				505938BD1646BDDF00DF973E /* Frameworks */,
				505938BB1646BDDF00DF973E /* Products */,
			);
			sourceTree = "<group>";
		};
		505938BB1646BDDF00DF973E /* Products */ = {
			isa = PBXGroup;
			children = (
				505938BA1646BDDF00DF973E /* TechTalkExample.app */,
			);
			name = Products;
			sourceTree = "<group>";
		};
		505938BD1646BDDF00DF973E /* Frameworks */ = {
			isa = PBXGroup;
			children = (
				505938BE1646BDDF00DF973E /* UIKit.framework */,
				505938C01646BDDF00DF973E /* Foundation.framework */,
				505938C21646BDDF00DF973E /* CoreGraphics.framework */,
			);
			name = Frameworks;
			sourceTree = "<group>";
		};
		505938C41646BDDF00DF973E /* TechTalkExample */ = {
			isa = PBXGroup;
			children = (
				505938CD1646BDDF00DF973E /* MWAppDelegate.h */,
				505938CE1646BDDF00DF973E /* MWAppDelegate.m */,
				505938D61646BDDF00DF973E /* MWViewController.h */,
				505938D71646BDDF00DF973E /* MWViewController.m */,
				505938D91646BDDF00DF973E /* MWViewController.xib */,
				505938C51646BDDF00DF973E /* Supporting Files */,
				505938E11646BEE900DF973E /* MWBiographyConnection.h */,
				505938E21646BEE900DF973E /* MWBiographyConnection.m */,
				5057EDE5164EA23900A151E0 /* MWBiographyDisplayViewController.h */,
				5057EDE6164EA23900A151E0 /* MWBiographyDisplayViewController.m */,
				5057EDE7164EA23900A151E0 /* MWBiographyDisplayViewController.xib */,
			);
			path = TechTalkExample;
			sourceTree = "<group>";
		};
		505938C51646BDDF00DF973E /* Supporting Files */ = {
			isa = PBXGroup;
			children = (
				505938C61646BDDF00DF973E /* TechTalkExample-Info.plist */,
				505938C71646BDDF00DF973E /* InfoPlist.strings */,
				505938CA1646BDDF00DF973E /* main.m */,
				505938CC1646BDDF00DF973E /* TechTalkExample-Prefix.pch */,
				505938D01646BDDF00DF973E /* Default.png */,
				505938D21646BDDF00DF973E /* Default@2x.png */,
				505938D41646BDDF00DF973E /* Default-568h@2x.png */,
			);
			name = "Supporting Files";
			sourceTree = "<group>";
		};
/* End PBXGroup section */

/* Begin PBXNativeTarget section */
		505938B91646BDDF00DF973E /* TechTalkExample */ = {
			isa = PBXNativeTarget;
			buildConfigurationList = 505938DE1646BDDF00DF973E /* Build configuration list for PBXNativeTarget "TechTalkExample" */;
			buildPhases = (
				505938B61646BDDF00DF973E /* Sources */,
				505938B71646BDDF00DF973E /* Frameworks */,
				505938B81646BDDF00DF973E /* Resources */,
			);
			buildRules = (
			);
			dependencies = (
			);
			name = TechTalkExample;
			productName = TechTalkExample;
			productReference = 505938BA1646BDDF00DF973E /* TechTalkExample.app */;
			productType = "com.apple.product-type.application";
		};
/* End PBXNativeTarget section */

/* Begin PBXProject section */
		505938B11646BDDF00DF973E /* Project object */ = {
			isa = PBXProject;
			attributes = {
				CLASSPREFIX = MW;
				LastUpgradeCheck = 0450;
				ORGANIZATIONNAME = MaxWoolf;
			};
			buildConfigurationList = 505938B41646BDDF00DF973E /* Build configuration list for PBXProject "TechTalkExample" */;
			compatibilityVersion = "Xcode 3.2";
			developmentRegion = English;
			hasScannedForEncodings = 0;
			knownRegions = (
				en,
			);
			mainGroup = 505938AF1646BDDF00DF973E;
			productRefGroup = 505938BB1646BDDF00DF973E /* Products */;
			projectDirPath = "";
			projectRoot = "";
			targets = (
				505938B91646BDDF00DF973E /* TechTalkExample */,
			);
		};
/* End PBXProject section */

/* Begin PBXResourcesBuildPhase section */
		505938B81646BDDF00DF973E /* Resources */ = {
			isa = PBXResourcesBuildPhase;
			buildActionMask = 2147483647;
			files = (
				505938C91646BDDF00DF973E /* InfoPlist.strings in Resources */,
				505938D11646BDDF00DF973E /* Default.png in Resources */,
				505938D31646BDDF00DF973E /* Default@2x.png in Resources */,
				505938D51646BDDF00DF973E /* Default-568h@2x.png in Resources */,
				505938DB1646BDDF00DF973E /* MWViewController.xib in Resources */,
				505938EE1646CF4C00DF973E /* README.md in Resources */,
				5057EDE9164EA23900A151E0 /* MWBiographyDisplayViewController.xib in Resources */,
			);
			runOnlyForDeploymentPostprocessing = 0;
		};
/* End PBXResourcesBuildPhase section */

/* Begin PBXSourcesBuildPhase section */
		505938B61646BDDF00DF973E /* Sources */ = {
			isa = PBXSourcesBuildPhase;
			buildActionMask = 2147483647;
			files = (
				505938CB1646BDDF00DF973E /* main.m in Sources */,
				505938CF1646BDDF00DF973E /* MWAppDelegate.m in Sources */,
				505938D81646BDDF00DF973E /* MWViewController.m in Sources */,
				505938E31646BEE900DF973E /* MWBiographyConnection.m in Sources */,
				5057EDE8164EA23900A151E0 /* MWBiographyDisplayViewController.m in Sources */,
			);
			runOnlyForDeploymentPostprocessing = 0;
		};
/* End PBXSourcesBuildPhase section */

/* Begin PBXVariantGroup section */
		505938C71646BDDF00DF973E /* InfoPlist.strings */ = {
			isa = PBXVariantGroup;
			children = (
				505938C81646BDDF00DF973E /* en */,
			);
			name = InfoPlist.strings;
			sourceTree = "<group>";
		};
		505938D91646BDDF00DF973E /* MWViewController.xib */ = {
			isa = PBXVariantGroup;
			children = (
				505938DA1646BDDF00DF973E /* en */,
			);
			name = MWViewController.xib;
			sourceTree = "<group>";
		};
/* End PBXVariantGroup section */

/* Begin XCBuildConfiguration section */
		505938DC1646BDDF00DF973E /* Debug */ = {
			isa = XCBuildConfiguration;
			buildSettings = {
				ALWAYS_SEARCH_USER_PATHS = NO;
				CLANG_CXX_LANGUAGE_STANDARD = "gnu++0x";
				CLANG_CXX_LIBRARY = "libc++";
				CLANG_ENABLE_OBJC_ARC = YES;
				CLANG_WARN_EMPTY_BODY = YES;
				CLANG_WARN__DUPLICATE_METHOD_MATCH = YES;
				"CODE_SIGN_IDENTITY[sdk=iphoneos*]" = "iPhone Developer";
				COPY_PHASE_STRIP = NO;
				GCC_C_LANGUAGE_STANDARD = gnu99;
				GCC_DYNAMIC_NO_PIC = NO;
				GCC_OPTIMIZATION_LEVEL = 0;
				GCC_PREPROCESSOR_DEFINITIONS = (
					"DEBUG=1",
					"$(inherited)",
				);
				GCC_SYMBOLS_PRIVATE_EXTERN = NO;
				GCC_WARN_ABOUT_RETURN_TYPE = YES;
				GCC_WARN_UNINITIALIZED_AUTOS = YES;
				GCC_WARN_UNUSED_VARIABLE = YES;
				IPHONEOS_DEPLOYMENT_TARGET = 6.0;
				SDKROOT = iphoneos;
			};
			name = Debug;
		};
		505938DD1646BDDF00DF973E /* Release */ = {
			isa = XCBuildConfiguration;
			buildSettings = {
				ALWAYS_SEARCH_USER_PATHS = NO;
				CLANG_CXX_LANGUAGE_STANDARD = "gnu++0x";
				CLANG_CXX_LIBRARY = "libc++";
				CLANG_ENABLE_OBJC_ARC = YES;
				CLANG_WARN_EMPTY_BODY = YES;
				CLANG_WARN__DUPLICATE_METHOD_MATCH = YES;
				"CODE_SIGN_IDENTITY[sdk=iphoneos*]" = "iPhone Developer";
				COPY_PHASE_STRIP = YES;
				GCC_C_LANGUAGE_STANDARD = gnu99;
				GCC_WARN_ABOUT_RETURN_TYPE = YES;
				GCC_WARN_UNINITIALIZED_AUTOS = YES;
				GCC_WARN_UNUSED_VARIABLE = YES;
				IPHONEOS_DEPLOYMENT_TARGET = 6.0;
				OTHER_CFLAGS = "-DNS_BLOCK_ASSERTIONS=1";
				SDKROOT = iphoneos;
				VALIDATE_PRODUCT = YES;
			};
			name = Release;
		};
		505938DF1646BDDF00DF973E /* Debug */ = {
			isa = XCBuildConfiguration;
			buildSettings = {
				GCC_PRECOMPILE_PREFIX_HEADER = YES;
				GCC_PREFIX_HEADER = "TechTalkExample/TechTalkExample-Prefix.pch";
				INFOPLIST_FILE = "TechTalkExample/TechTalkExample-Info.plist";
				PRODUCT_NAME = "$(TARGET_NAME)";
				WRAPPER_EXTENSION = app;
			};
			name = Debug;
		};
		505938E01646BDDF00DF973E /* Release */ = {
			isa = XCBuildConfiguration;
			buildSettings = {
				GCC_PRECOMPILE_PREFIX_HEADER = YES;
				GCC_PREFIX_HEADER = "TechTalkExample/TechTalkExample-Prefix.pch";
				INFOPLIST_FILE = "TechTalkExample/TechTalkExample-Info.plist";
				PRODUCT_NAME = "$(TARGET_NAME)";
				WRAPPER_EXTENSION = app;
			};
			name = Release;
		};
/* End XCBuildConfiguration section */

/* Begin XCConfigurationList section */
		505938B41646BDDF00DF973E /* Build configuration list for PBXProject "TechTalkExample" */ = {
			isa = XCConfigurationList;
			buildConfigurations = (
				505938DC1646BDDF00DF973E /* Debug */,
				505938DD1646BDDF00DF973E /* Release */,
			);
			defaultConfigurationIsVisible = 0;
			defaultConfigurationName = Release;
		};
		505938DE1646BDDF00DF973E /* Build configuration list for PBXNativeTarget "TechTalkExample" */ = {
			isa = XCConfigurationList;
			buildConfigurations = (
				505938DF1646BDDF00DF973E /* Debug */,
				505938E01646BDDF00DF973E /* Release */,
			);
			defaultConfigurationIsVisible = 0;
			defaultConfigurationName = Release;
		};
/* End XCConfigurationList section */
	};
	rootObject = 505938B11646BDDF00DF973E /* Project object */;
}
